
Microsoft Visual Studio Solution File, Format Version 12.00
# Visual Studio Version 16
VisualStudioVersion = 16.0.31515.178
MinimumVisualStudioVersion = 10.0.40219.1
Project("{FAE04EC0-301F-11D3-BF4B-00C04F79EFBC}") = "BFYOC.Function", "BFYOC.Function\BFYOC.Function.csproj", "{33326A85-138F-4BB6-80F4-61DA38E1A880}"
EndProject
Project("{151D2E53-A2C4-4D7D-83FE-D05416EBD58E}") = "BFYOC.AzureResourceGroup", "BFYOC.AzureResourceGroup\BFYOC.AzureResourceGroup.deployproj", "{C4DC078E-DCCB-4831-B582-44FC6B5B9245}"
EndProject
Global
	GlobalSection(SolutionConfigurationPlatforms) = preSolution
		Debug|Any CPU = Debug|Any CPU
		Release|Any CPU = Release|Any CPU
	EndGlobalSection
	GlobalSection(ProjectConfigurationPlatforms) = postSolution
		{33326A85-138F-4BB6-80F4-61DA38E1A880}.Debug|Any CPU.ActiveCfg = Debug|Any CPU
		{33326A85-138F-4BB6-80F4-61DA38E1A880}.Debug|Any CPU.Build.0 = Debug|Any CPU
		{33326A85-138F-4BB6-80F4-61DA38E1A880}.Release|Any CPU.ActiveCfg = Release|Any CPU
		{33326A85-138F-4BB6-80F4-61DA38E1A880}.Release|Any CPU.Build.0 = Release|Any CPU
		{C4DC078E-DCCB-4831-B582-44FC6B5B9245}.Debug|Any CPU.ActiveCfg = Debug|Any CPU
		{C4DC078E-DCCB-4831-B582-44FC6B5B9245}.Debug|Any CPU.Build.0 = Debug|Any CPU
		{C4DC078E-DCCB-4831-B582-44FC6B5B9245}.Release|Any CPU.ActiveCfg = Release|Any CPU
		{C4DC078E-DCCB-4831-B582-44FC6B5B9245}.Release|Any CPU.Build.0 = Release|Any CPU
	EndGlobalSection
	GlobalSection(SolutionProperties) = preSolution
		HideSolutionNode = FALSE
	EndGlobalSection
	GlobalSection(ExtensibilityGlobals) = postSolution
		SolutionGuid = {096B18C4-FB24-4AFF-9868-77343660C67A}
	EndGlobalSection
EndGlobal
